
Microsoft Visual Studio Solution File, Format Version 12.00
# Visual Studio Version 17
VisualStudioVersion = 17.1.31911.260
MinimumVisualStudioVersion = 10.0.40219.1
Project("{9A19103F-16F7-4668-BE54-9A1E7A4F7556}") = "RESTfullDemo", "RESTfullDemo.csproj", "{421EFD2E-EB40-453A-A7A7-CC22D96F6CB3}"
EndProject
Project("{FAE04EC0-301F-11D3-BF4B-00C04F79EFBC}") = "TestWebAPI", "..\TestWebAPI\TestWebAPI.csproj", "{7113F1F3-58D2-42FE-930F-A7ADC19191CC}"
EndProject
Global
	GlobalSection(SolutionConfigurationPlatforms) = preSolution
		Debug|Any CPU = Debug|Any CPU
		Release|Any CPU = Release|Any CPU
	EndGlobalSection
	GlobalSection(ProjectConfigurationPlatforms) = postSolution
		{421EFD2E-EB40-453A-A7A7-CC22D96F6CB3}.Debug|Any CPU.ActiveCfg = Debug|Any CPU
		{421EFD2E-EB40-453A-A7A7-CC22D96F6CB3}.Debug|Any CPU.Build.0 = Debug|Any CPU
		{421EFD2E-EB40-453A-A7A7-CC22D96F6CB3}.Release|Any CPU.ActiveCfg = Release|Any CPU
		{421EFD2E-EB40-453A-A7A7-CC22D96F6CB3}.Release|Any CPU.Build.0 = Release|Any CPU
		{7113F1F3-58D2-42FE-930F-A7ADC19191CC}.Debug|Any CPU.ActiveCfg = Debug|Any CPU
		{7113F1F3-58D2-42FE-930F-A7ADC19191CC}.Debug|Any CPU.Build.0 = Debug|Any CPU
		{7113F1F3-58D2-42FE-930F-A7ADC19191CC}.Release|Any CPU.ActiveCfg = Release|Any CPU
		{7113F1F3-58D2-42FE-930F-A7ADC19191CC}.Release|Any CPU.Build.0 = Release|Any CPU
	EndGlobalSection
	GlobalSection(SolutionProperties) = preSolution
		HideSolutionNode = FALSE
	EndGlobalSection
	GlobalSection(ExtensibilityGlobals) = postSolution
		SolutionGuid = {BCD6ECA8-7B10-4EA1-B7DF-0D0DBE8B3052}
	EndGlobalSection
EndGlobal
