
Microsoft Visual Studio Solution File, Format Version 12.00
# Visual Studio Version 17
VisualStudioVersion = 17.3.32714.290
MinimumVisualStudioVersion = 10.0.40219.1
Project("{FAE04EC0-301F-11D3-BF4B-00C04F79EFBC}") = "IdentityDemo", "IdentityDemo.csproj", "{71E593CD-B55C-433B-BDC2-E6169AA103E1}"
EndProject
Global
	GlobalSection(SolutionConfigurationPlatforms) = preSolution
		Debug|Any CPU = Debug|Any CPU
		Release|Any CPU = Release|Any CPU
	EndGlobalSection
	GlobalSection(ProjectConfigurationPlatforms) = postSolution
		{71E593CD-B55C-433B-BDC2-E6169AA103E1}.Debug|Any CPU.ActiveCfg = Debug|Any CPU
		{71E593CD-B55C-433B-BDC2-E6169AA103E1}.Debug|Any CPU.Build.0 = Debug|Any CPU
		{71E593CD-B55C-433B-BDC2-E6169AA103E1}.Release|Any CPU.ActiveCfg = Release|Any CPU
		{71E593CD-B55C-433B-BDC2-E6169AA103E1}.Release|Any CPU.Build.0 = Release|Any CPU
	EndGlobalSection
	GlobalSection(SolutionProperties) = preSolution
		HideSolutionNode = FALSE
	EndGlobalSection
	GlobalSection(ExtensibilityGlobals) = postSolution
		SolutionGuid = {46A12DFC-70A2-4F3A-820D-D93A1B89AA19}
	EndGlobalSection
EndGlobal
