
Microsoft Visual Studio Solution File, Format Version 12.00
# Visual Studio Version 17
VisualStudioVersion = 17.3.32714.290
MinimumVisualStudioVersion = 10.0.40219.1
Project("{FAE04EC0-301F-11D3-BF4B-00C04F79EFBC}") = "FileUploadAndDownload", "FileUploadAndDownload\FileUploadAndDownload.csproj", "{8D6EFA53-2333-4E0E-B76A-26887620A64F}"
EndProject
Global
	GlobalSection(SolutionConfigurationPlatforms) = preSolution
		Debug|Any CPU = Debug|Any CPU
		Release|Any CPU = Release|Any CPU
	EndGlobalSection
	GlobalSection(ProjectConfigurationPlatforms) = postSolution
		{8D6EFA53-2333-4E0E-B76A-26887620A64F}.Debug|Any CPU.ActiveCfg = Debug|Any CPU
		{8D6EFA53-2333-4E0E-B76A-26887620A64F}.Debug|Any CPU.Build.0 = Debug|Any CPU
		{8D6EFA53-2333-4E0E-B76A-26887620A64F}.Release|Any CPU.ActiveCfg = Release|Any CPU
		{8D6EFA53-2333-4E0E-B76A-26887620A64F}.Release|Any CPU.Build.0 = Release|Any CPU
	EndGlobalSection
	GlobalSection(SolutionProperties) = preSolution
		HideSolutionNode = FALSE
	EndGlobalSection
	GlobalSection(ExtensibilityGlobals) = postSolution
		SolutionGuid = {6C2A9F7E-F51B-4826-80C3-8685F738D04E}
	EndGlobalSection
EndGlobal
