
Microsoft Visual Studio Solution File, Format Version 12.00
# Visual Studio Version 17
VisualStudioVersion = 17.6.33513.286
MinimumVisualStudioVersion = 10.0.40219.1
Project("{FAE04EC0-301F-11D3-BF4B-00C04F79EFBC}") = "TestReturnDetailDto", "TestReturnDetailDto.csproj", "{599428D7-DDE1-4FB7-AF18-E5F6A16F4871}"
EndProject
Global
	GlobalSection(SolutionConfigurationPlatforms) = preSolution
		Debug|Any CPU = Debug|Any CPU
		Release|Any CPU = Release|Any CPU
	EndGlobalSection
	GlobalSection(ProjectConfigurationPlatforms) = postSolution
		{599428D7-DDE1-4FB7-AF18-E5F6A16F4871}.Debug|Any CPU.ActiveCfg = Debug|Any CPU
		{599428D7-DDE1-4FB7-AF18-E5F6A16F4871}.Debug|Any CPU.Build.0 = Debug|Any CPU
		{599428D7-DDE1-4FB7-AF18-E5F6A16F4871}.Release|Any CPU.ActiveCfg = Release|Any CPU
		{599428D7-DDE1-4FB7-AF18-E5F6A16F4871}.Release|Any CPU.Build.0 = Release|Any CPU
	EndGlobalSection
	GlobalSection(SolutionProperties) = preSolution
		HideSolutionNode = FALSE
	EndGlobalSection
	GlobalSection(ExtensibilityGlobals) = postSolution
		SolutionGuid = {4DE5187C-C59E-44FF-9ED0-6701AB22C9F1}
	EndGlobalSection
EndGlobal
