
Microsoft Visual Studio Solution File, Format Version 12.00
# Visual Studio Version 17
VisualStudioVersion = 17.4.32916.344
MinimumVisualStudioVersion = 10.0.40219.1
Project("{FAE04EC0-301F-11D3-BF4B-00C04F79EFBC}") = "RazorPagesMovie", "RazorPagesMovie.csproj", "{0E342889-E745-4969-AAA1-BFF669F594C0}"
EndProject
Global
	GlobalSection(SolutionConfigurationPlatforms) = preSolution
		Debug|Any CPU = Debug|Any CPU
		Release|Any CPU = Release|Any CPU
	EndGlobalSection
	GlobalSection(ProjectConfigurationPlatforms) = postSolution
		{0E342889-E745-4969-AAA1-BFF669F594C0}.Debug|Any CPU.ActiveCfg = Debug|Any CPU
		{0E342889-E745-4969-AAA1-BFF669F594C0}.Debug|Any CPU.Build.0 = Debug|Any CPU
		{0E342889-E745-4969-AAA1-BFF669F594C0}.Release|Any CPU.ActiveCfg = Release|Any CPU
		{0E342889-E745-4969-AAA1-BFF669F594C0}.Release|Any CPU.Build.0 = Release|Any CPU
	EndGlobalSection
	GlobalSection(SolutionProperties) = preSolution
		HideSolutionNode = FALSE
	EndGlobalSection
	GlobalSection(ExtensibilityGlobals) = postSolution
		SolutionGuid = {B6396B53-4126-4B1A-BA6A-E5F8F2DDE2FC}
	EndGlobalSection
EndGlobal
